# This file is automatically @generated by Cargo.
# It is not intended for manual editing.
version = 3

[[package]]
name = "bytecode_virtual_machine"
version = "0.1.0"

[[package]]
name = "loxrs"
version = "0.1.0"
dependencies = [
 "bytecode_virtual_machine",
 "tree_walk_interpreter",
]

[[package]]
name = "tree_walk_interpreter"
version = "0.1.0"
